// !$*UTF8*$!
{
	archiveVersion = 1;
	classes = {
	};
	objectVersion = 46;
	objects = {

/* Begin PBXBuildFile section */
		13F077FC1EFC7AFE004C2E57 /* AppDelegate.swift in Sources */ = {isa = PBXBuildFile; fileRef = 13F077F21EFC7AFE004C2E57 /* AppDelegate.swift */; };
		13F077FD1EFC7AFE004C2E57 /* Assets.xcassets in Resources */ = {isa = PBXBuildFile; fileRef = 13F077F31EFC7AFE004C2E57 /* Assets.xcassets */; };
		13F077FE1EFC7AFE004C2E57 /* LaunchScreen.storyboard in Resources */ = {isa = PBXBuildFile; fileRef = 13F077F41EFC7AFE004C2E57 /* LaunchScreen.storyboard */; };
		13F077FF1EFC7AFE004C2E57 /* Main.storyboard in Resources */ = {isa = PBXBuildFile; fileRef = 13F077F61EFC7AFE004C2E57 /* Main.storyboard */; };
		13F078001EFC7AFE004C2E57 /* Info.plist in Resources */ = {isa = PBXBuildFile; fileRef = 13F077F81EFC7AFE004C2E57 /* Info.plist */; };
		13F078011EFC7AFE004C2E57 /* VCtoBeShownViewController.swift in Sources */ = {isa = PBXBuildFile; fileRef = 13F077F91EFC7AFE004C2E57 /* VCtoBeShownViewController.swift */; };
		13F078021EFC7AFE004C2E57 /* ViewController.swift in Sources */ = {isa = PBXBuildFile; fileRef = 13F077FA1EFC7AFE004C2E57 /* ViewController.swift */; };
		13F078031EFC7AFE004C2E57 /* ViewControllerToBeShown.xib in Resources */ = {isa = PBXBuildFile; fileRef = 13F077FB1EFC7AFE004C2E57 /* ViewControllerToBeShown.xib */; };
		DA4979EE18CD303C00C5FC17 /* Foundation.framework in Frameworks */ = {isa = PBXBuildFile; fileRef = DA4979ED18CD303C00C5FC17 /* Foundation.framework */; };
		DA4979F018CD303C00C5FC17 /* CoreGraphics.framework in Frameworks */ = {isa = PBXBuildFile; fileRef = DA4979EF18CD303C00C5FC17 /* CoreGraphics.framework */; };
		DA4979F218CD303C00C5FC17 /* UIKit.framework in Frameworks */ = {isa = PBXBuildFile; fileRef = DA4979F118CD303C00C5FC17 /* UIKit.framework */; };
/* End PBXBuildFile section */

/* Begin PBXFileReference section */
		13F077F21EFC7AFE004C2E57 /* AppDelegate.swift */ = {isa = PBXFileReference; fileEncoding = 4; lastKnownFileType = sourcecode.swift; path = AppDelegate.swift; sourceTree = "<group>"; };
		13F077F31EFC7AFE004C2E57 /* Assets.xcassets */ = {isa = PBXFileReference; lastKnownFileType = folder.assetcatalog; path = Assets.xcassets; sourceTree = "<group>"; };
		13F077F51EFC7AFE004C2E57 /* Base */ = {isa = PBXFileReference; lastKnownFileType = file.storyboard; name = Base; path = Base.lproj/LaunchScreen.storyboard; sourceTree = "<group>"; };
		13F077F71EFC7AFE004C2E57 /* Base */ = {isa = PBXFileReference; lastKnownFileType = file.storyboard; name = Base; path = Base.lproj/Main.storyboard; sourceTree = "<group>"; };
		13F077F81EFC7AFE004C2E57 /* Info.plist */ = {isa = PBXFileReference; fileEncoding = 4; lastKnownFileType = text.plist.xml; path = Info.plist; sourceTree = "<group>"; };
		13F077F91EFC7AFE004C2E57 /* VCtoBeShownViewController.swift */ = {isa = PBXFileReference; fileEncoding = 4; lastKnownFileType = sourcecode.swift; path = VCtoBeShownViewController.swift; sourceTree = "<group>"; };
		13F077FA1EFC7AFE004C2E57 /* ViewController.swift */ = {isa = PBXFileReference; fileEncoding = 4; lastKnownFileType = sourcecode.swift; path = ViewController.swift; sourceTree = "<group>"; };
		13F077FB1EFC7AFE004C2E57 /* ViewControllerToBeShown.xib */ = {isa = PBXFileReference; fileEncoding = 4; lastKnownFileType = file.xib; path = ViewControllerToBeShown.xib; sourceTree = "<group>"; };
		DA4979EA18CD303C00C5FC17 /* ViewControllerDemo.app */ = {isa = PBXFileReference; explicitFileType = wrapper.application; includeInIndex = 0; path = ViewControllerDemo.app; sourceTree = BUILT_PRODUCTS_DIR; };
		DA4979ED18CD303C00C5FC17 /* Foundation.framework */ = {isa = PBXFileReference; lastKnownFileType = wrapper.framework; name = Foundation.framework; path = System/Library/Frameworks/Foundation.framework; sourceTree = SDKROOT; };
		DA4979EF18CD303C00C5FC17 /* CoreGraphics.framework */ = {isa = PBXFileReference; lastKnownFileType = wrapper.framework; name = CoreGraphics.framework; path = System/Library/Frameworks/CoreGraphics.framework; sourceTree = SDKROOT; };
		DA4979F118CD303C00C5FC17 /* UIKit.framework */ = {isa = PBXFileReference; lastKnownFileType = wrapper.framework; name = UIKit.framework; path = System/Library/Frameworks/UIKit.framework; sourceTree = SDKROOT; };
/* End PBXFileReference section */

/* Begin PBXFrameworksBuildPhase section */
		DA4979E718CD303C00C5FC17 /* Frameworks */ = {
			isa = PBXFrameworksBuildPhase;
			buildActionMask = 2147483647;
			files = (
				DA4979F018CD303C00C5FC17 /* CoreGraphics.framework in Frameworks */,
				DA4979F218CD303C00C5FC17 /* UIKit.framework in Frameworks */,
				DA4979EE18CD303C00C5FC17 /* Foundation.framework in Frameworks */,
			);
			runOnlyForDeploymentPostprocessing = 0;
		};
/* End PBXFrameworksBuildPhase section */

/* Begin PBXGroup section */
		13F077F11EFC7AFE004C2E57 /* ViewControllers */ = {
			isa = PBXGroup;
			children = (
				13F077F21EFC7AFE004C2E57 /* AppDelegate.swift */,
				13F077F31EFC7AFE004C2E57 /* Assets.xcassets */,
				13F077F41EFC7AFE004C2E57 /* LaunchScreen.storyboard */,
				13F077F61EFC7AFE004C2E57 /* Main.storyboard */,
				13F077F81EFC7AFE004C2E57 /* Info.plist */,
				13F077F91EFC7AFE004C2E57 /* VCtoBeShownViewController.swift */,
				13F077FA1EFC7AFE004C2E57 /* ViewController.swift */,
				13F077FB1EFC7AFE004C2E57 /* ViewControllerToBeShown.xib */,
			);
			path = ViewControllers;
			sourceTree = "<group>";
		};
		DA4979E118CD303C00C5FC17 = {
			isa = PBXGroup;
			children = (
				13F077F11EFC7AFE004C2E57 /* ViewControllers */,
				DA4979EC18CD303C00C5FC17 /* Frameworks */,
				DA4979EB18CD303C00C5FC17 /* Products */,
			);
			sourceTree = "<group>";
		};
		DA4979EB18CD303C00C5FC17 /* Products */ = {
			isa = PBXGroup;
			children = (
				DA4979EA18CD303C00C5FC17 /* ViewControllerDemo.app */,
			);
			name = Products;
			sourceTree = "<group>";
		};
		DA4979EC18CD303C00C5FC17 /* Frameworks */ = {
			isa = PBXGroup;
			children = (
				DA4979ED18CD303C00C5FC17 /* Foundation.framework */,
				DA4979EF18CD303C00C5FC17 /* CoreGraphics.framework */,
				DA4979F118CD303C00C5FC17 /* UIKit.framework */,
			);
			name = Frameworks;
			sourceTree = "<group>";
		};
/* End PBXGroup section */

/* Begin PBXNativeTarget section */
		DA4979E918CD303C00C5FC17 /* ViewControllerDemo */ = {
			isa = PBXNativeTarget;
			buildConfigurationList = DA497A1C18CD303D00C5FC17 /* Build configuration list for PBXNativeTarget "ViewControllerDemo" */;
			buildPhases = (
				DA4979E618CD303C00C5FC17 /* Sources */,
				DA4979E718CD303C00C5FC17 /* Frameworks */,
				DA4979E818CD303C00C5FC17 /* Resources */,
			);
			buildRules = (
			);
			dependencies = (
			);
			name = ViewControllerDemo;
			productName = ViewControllerDemo;
			productReference = DA4979EA18CD303C00C5FC17 /* ViewControllerDemo.app */;
			productType = "com.apple.product-type.application";
		};
/* End PBXNativeTarget section */

/* Begin PBXProject section */
		DA4979E218CD303C00C5FC17 /* Project object */ = {
			isa = PBXProject;
			attributes = {
				LastUpgradeCheck = 0500;
				ORGANIZATIONNAME = "Paul Solt";
				TargetAttributes = {
					DA4979E918CD303C00C5FC17 = {
						DevelopmentTeam = 3W2RUTBZT6;
						LastSwiftMigration = 0900;
						ProvisioningStyle = Automatic;
					};
				};
			};
			buildConfigurationList = DA4979E518CD303C00C5FC17 /* Build configuration list for PBXProject "ViewControllerDemo" */;
			compatibilityVersion = "Xcode 3.2";
			developmentRegion = English;
			hasScannedForEncodings = 0;
			knownRegions = (
				en,
				Base,
			);
			mainGroup = DA4979E118CD303C00C5FC17;
			productRefGroup = DA4979EB18CD303C00C5FC17 /* Products */;
			projectDirPath = "";
			projectRoot = "";
			targets = (
				DA4979E918CD303C00C5FC17 /* ViewControllerDemo */,
			);
		};
/* End PBXProject section */

/* Begin PBXResourcesBuildPhase section */
		DA4979E818CD303C00C5FC17 /* Resources */ = {
			isa = PBXResourcesBuildPhase;
			buildActionMask = 2147483647;
			files = (
				13F078001EFC7AFE004C2E57 /* Info.plist in Resources */,
				13F077FF1EFC7AFE004C2E57 /* Main.storyboard in Resources */,
				13F077FD1EFC7AFE004C2E57 /* Assets.xcassets in Resources */,
				13F077FE1EFC7AFE004C2E57 /* LaunchScreen.storyboard in Resources */,
				13F078031EFC7AFE004C2E57 /* ViewControllerToBeShown.xib in Resources */,
			);
			runOnlyForDeploymentPostprocessing = 0;
		};
/* End PBXResourcesBuildPhase section */

/* Begin PBXSourcesBuildPhase section */
		DA4979E618CD303C00C5FC17 /* Sources */ = {
			isa = PBXSourcesBuildPhase;
			buildActionMask = 2147483647;
			files = (
				13F078021EFC7AFE004C2E57 /* ViewController.swift in Sources */,
				13F077FC1EFC7AFE004C2E57 /* AppDelegate.swift in Sources */,
				13F078011EFC7AFE004C2E57 /* VCtoBeShownViewController.swift in Sources */,
			);
			runOnlyForDeploymentPostprocessing = 0;
		};
/* End PBXSourcesBuildPhase section */

/* Begin PBXVariantGroup section */
		13F077F41EFC7AFE004C2E57 /* LaunchScreen.storyboard */ = {
			isa = PBXVariantGroup;
			children = (
				13F077F51EFC7AFE004C2E57 /* Base */,
			);
			name = LaunchScreen.storyboard;
			sourceTree = "<group>";
		};
		13F077F61EFC7AFE004C2E57 /* Main.storyboard */ = {
			isa = PBXVariantGroup;
			children = (
				13F077F71EFC7AFE004C2E57 /* Base */,
			);
			name = Main.storyboard;
			sourceTree = "<group>";
		};
/* End PBXVariantGroup section */

/* Begin XCBuildConfiguration section */
		DA497A1A18CD303D00C5FC17 /* Debug */ = {
			isa = XCBuildConfiguration;
			buildSettings = {
				ALWAYS_SEARCH_USER_PATHS = NO;
				ARCHS = "$(ARCHS_STANDARD_INCLUDING_64_BIT)";
				CLANG_CXX_LANGUAGE_STANDARD = "gnu++0x";
				CLANG_CXX_LIBRARY = "libc++";
				CLANG_ENABLE_MODULES = YES;
				CLANG_ENABLE_OBJC_ARC = YES;
				CLANG_WARN_BOOL_CONVERSION = YES;
				CLANG_WARN_CONSTANT_CONVERSION = YES;
				CLANG_WARN_DIRECT_OBJC_ISA_USAGE = YES_ERROR;
				CLANG_WARN_EMPTY_BODY = YES;
				CLANG_WARN_ENUM_CONVERSION = YES;
				CLANG_WARN_INT_CONVERSION = YES;
				CLANG_WARN_OBJC_ROOT_CLASS = YES_ERROR;
				CLANG_WARN__DUPLICATE_METHOD_MATCH = YES;
				"CODE_SIGN_IDENTITY[sdk=iphoneos*]" = "iPhone Developer";
				COPY_PHASE_STRIP = NO;
				GCC_C_LANGUAGE_STANDARD = gnu99;
				GCC_DYNAMIC_NO_PIC = NO;
				GCC_OPTIMIZATION_LEVEL = 0;
				GCC_PREPROCESSOR_DEFINITIONS = (
					"DEBUG=1",
					"$(inherited)",
				);
				GCC_SYMBOLS_PRIVATE_EXTERN = NO;
				GCC_WARN_64_TO_32_BIT_CONVERSION = YES;
				GCC_WARN_ABOUT_RETURN_TYPE = YES_ERROR;
				GCC_WARN_UNDECLARED_SELECTOR = YES;
				GCC_WARN_UNINITIALIZED_AUTOS = YES;
				GCC_WARN_UNUSED_FUNCTION = YES;
				GCC_WARN_UNUSED_VARIABLE = YES;
				IPHONEOS_DEPLOYMENT_TARGET = 9.0;
				ONLY_ACTIVE_ARCH = YES;
				SDKROOT = iphoneos;
			};
			name = Debug;
		};
		DA497A1B18CD303D00C5FC17 /* Release */ = {
			isa = XCBuildConfiguration;
			buildSettings = {
				ALWAYS_SEARCH_USER_PATHS = NO;
				ARCHS = "$(ARCHS_STANDARD_INCLUDING_64_BIT)";
				CLANG_CXX_LANGUAGE_STANDARD = "gnu++0x";
				CLANG_CXX_LIBRARY = "libc++";
				CLANG_ENABLE_MODULES = YES;
				CLANG_ENABLE_OBJC_ARC = YES;
				CLANG_WARN_BOOL_CONVERSION = YES;
				CLANG_WARN_CONSTANT_CONVERSION = YES;
				CLANG_WARN_DIRECT_OBJC_ISA_USAGE = YES_ERROR;
				CLANG_WARN_EMPTY_BODY = YES;
				CLANG_WARN_ENUM_CONVERSION = YES;
				CLANG_WARN_INT_CONVERSION = YES;
				CLANG_WARN_OBJC_ROOT_CLASS = YES_ERROR;
				CLANG_WARN__DUPLICATE_METHOD_MATCH = YES;
				"CODE_SIGN_IDENTITY[sdk=iphoneos*]" = "iPhone Developer";
				COPY_PHASE_STRIP = YES;
				ENABLE_NS_ASSERTIONS = NO;
				GCC_C_LANGUAGE_STANDARD = gnu99;
				GCC_WARN_64_TO_32_BIT_CONVERSION = YES;
				GCC_WARN_ABOUT_RETURN_TYPE = YES_ERROR;
				GCC_WARN_UNDECLARED_SELECTOR = YES;
				GCC_WARN_UNINITIALIZED_AUTOS = YES;
				GCC_WARN_UNUSED_FUNCTION = YES;
				GCC_WARN_UNUSED_VARIABLE = YES;
				IPHONEOS_DEPLOYMENT_TARGET = 9.0;
				SDKROOT = iphoneos;
				VALIDATE_PRODUCT = YES;
			};
			name = Release;
		};
		DA497A1D18CD303D00C5FC17 /* Debug */ = {
			isa = XCBuildConfiguration;
			buildSettings = {
				ASSETCATALOG_COMPILER_APPICON_NAME = AppIcon;
				CLANG_ENABLE_MODULES = YES;
				"CODE_SIGN_IDENTITY[sdk=iphoneos*]" = "iPhone Developer";
				CODE_SIGN_STYLE = Automatic;
				DEVELOPMENT_TEAM = 3W2RUTBZT6;
				GCC_PRECOMPILE_PREFIX_HEADER = YES;
				GCC_PREFIX_HEADER = "ViewControllerDemo/ViewControllerDemo-Prefix.pch";
				INFOPLIST_FILE = "$(SRCROOT)/ViewControllers/Info.plist";
				IPHONEOS_DEPLOYMENT_TARGET = 9.0;
				LD_RUNPATH_SEARCH_PATHS = "$(inherited) @executable_path/Frameworks";
				PRODUCT_BUNDLE_IDENTIFIER = viewcontrollerdemo;
				PRODUCT_NAME = "$(TARGET_NAME)";
				PROVISIONING_PROFILE = "";
				PROVISIONING_PROFILE_SPECIFIER = "";
				SWIFT_OPTIMIZATION_LEVEL = "-Onone";
				SWIFT_SWIFT3_OBJC_INFERENCE = On;
				SWIFT_VERSION = 4.0;
				WRAPPER_EXTENSION = app;
			};
			name = Debug;
		};
		DA497A1E18CD303D00C5FC17 /* Release */ = {
			isa = XCBuildConfiguration;
			buildSettings = {
				ASSETCATALOG_COMPILER_APPICON_NAME = AppIcon;
				CLANG_ENABLE_MODULES = YES;
				"CODE_SIGN_IDENTITY[sdk=iphoneos*]" = "iPhone Developer";
				CODE_SIGN_STYLE = Automatic;
				DEVELOPMENT_TEAM = 3W2RUTBZT6;
				GCC_PRECOMPILE_PREFIX_HEADER = YES;
				GCC_PREFIX_HEADER = "ViewControllerDemo/ViewControllerDemo-Prefix.pch";
				INFOPLIST_FILE = "$(SRCROOT)/ViewControllers/Info.plist";
				IPHONEOS_DEPLOYMENT_TARGET = 9.0;
				LD_RUNPATH_SEARCH_PATHS = "$(inherited) @executable_path/Frameworks";
				PRODUCT_BUNDLE_IDENTIFIER = viewcontrollerdemo;
				PRODUCT_NAME = "$(TARGET_NAME)";
				PROVISIONING_PROFILE = "";
				PROVISIONING_PROFILE_SPECIFIER = "";
				SWIFT_SWIFT3_OBJC_INFERENCE = On;
				SWIFT_VERSION = 4.0;
				WRAPPER_EXTENSION = app;
			};
			name = Release;
		};
/* End XCBuildConfiguration section */

/* Begin XCConfigurationList section */
		DA4979E518CD303C00C5FC17 /* Build configuration list for PBXProject "ViewControllerDemo" */ = {
			isa = XCConfigurationList;
			buildConfigurations = (
				DA497A1A18CD303D00C5FC17 /* Debug */,
				DA497A1B18CD303D00C5FC17 /* Release */,
			);
			defaultConfigurationIsVisible = 0;
			defaultConfigurationName = Release;
		};
		DA497A1C18CD303D00C5FC17 /* Build configuration list for PBXNativeTarget "ViewControllerDemo" */ = {
			isa = XCConfigurationList;
			buildConfigurations = (
				DA497A1D18CD303D00C5FC17 /* Debug */,
				DA497A1E18CD303D00C5FC17 /* Release */,
			);
			defaultConfigurationIsVisible = 0;
			defaultConfigurationName = Release;
		};
/* End XCConfigurationList section */
	};
	rootObject = DA4979E218CD303C00C5FC17 /* Project object */;
}
